// !$*UTF8*$!
{
	archiveVersion = 1;
	classes = {
	};
	objectVersion = 46;
	objects = {

/* Begin PBXBuildFile section */
		32031D55190C85A9008F7DA8 /* XCTest.framework in Frameworks */ = {isa = PBXBuildFile; fileRef = 32031D2A190C857A008F7DA8 /* XCTest.framework */; };
		32031D56190C85A9008F7DA8 /* Foundation.framework in Frameworks */ = {isa = PBXBuildFile; fileRef = 32031D2C190C857B008F7DA8 /* Foundation.framework */; };
		32031D57190C85A9008F7DA8 /* UIKit.framework in Frameworks */ = {isa = PBXBuildFile; fileRef = 32031D2E190C857B008F7DA8 /* UIKit.framework */; };
		32031D5D190C85A9008F7DA8 /* InfoPlist.strings in Resources */ = {isa = PBXBuildFile; fileRef = 32031D5B190C85A9008F7DA8 /* InfoPlist.strings */; };
		32031D5F190C85A9008F7DA8 /* Tests.m in Sources */ = {isa = PBXBuildFile; fileRef = 32031D5E190C85A9008F7DA8 /* Tests.m */; };
		32031D67190C8603008F7DA8 /* UITableView+TRVSEmptyView.m in Sources */ = {isa = PBXBuildFile; fileRef = 32031D66190C8603008F7DA8 /* UITableView+TRVSEmptyView.m */; };
/* End PBXBuildFile section */

/* Begin PBXFileReference section */
		32031D2A190C857A008F7DA8 /* XCTest.framework */ = {isa = PBXFileReference; lastKnownFileType = wrapper.framework; name = XCTest.framework; path = Library/Frameworks/XCTest.framework; sourceTree = DEVELOPER_DIR; };
		32031D2C190C857B008F7DA8 /* Foundation.framework */ = {isa = PBXFileReference; lastKnownFileType = wrapper.framework; name = Foundation.framework; path = Library/Frameworks/Foundation.framework; sourceTree = DEVELOPER_DIR; };
		32031D2E190C857B008F7DA8 /* UIKit.framework */ = {isa = PBXFileReference; lastKnownFileType = wrapper.framework; name = UIKit.framework; path = Library/Frameworks/UIKit.framework; sourceTree = DEVELOPER_DIR; };
		32031D54190C85A9008F7DA8 /* Tests.xctest */ = {isa = PBXFileReference; explicitFileType = wrapper.cfbundle; includeInIndex = 0; path = Tests.xctest; sourceTree = BUILT_PRODUCTS_DIR; };
		32031D5A190C85A9008F7DA8 /* Tests-Info.plist */ = {isa = PBXFileReference; lastKnownFileType = text.plist.xml; path = "Tests-Info.plist"; sourceTree = "<group>"; };
		32031D5C190C85A9008F7DA8 /* en */ = {isa = PBXFileReference; lastKnownFileType = text.plist.strings; name = en; path = en.lproj/InfoPlist.strings; sourceTree = "<group>"; };
		32031D5E190C85A9008F7DA8 /* Tests.m */ = {isa = PBXFileReference; lastKnownFileType = sourcecode.c.objc; path = Tests.m; sourceTree = "<group>"; };
		32031D60190C85A9008F7DA8 /* Tests-Prefix.pch */ = {isa = PBXFileReference; lastKnownFileType = sourcecode.c.h; path = "Tests-Prefix.pch"; sourceTree = "<group>"; };
		32031D65190C8603008F7DA8 /* UITableView+TRVSEmptyView.h */ = {isa = PBXFileReference; fileEncoding = 4; lastKnownFileType = sourcecode.c.h; name = "UITableView+TRVSEmptyView.h"; path = "UITableView+TRVSEmptyTableView/UITableView+TRVSEmptyView.h"; sourceTree = "<group>"; };
		32031D66190C8603008F7DA8 /* UITableView+TRVSEmptyView.m */ = {isa = PBXFileReference; fileEncoding = 4; lastKnownFileType = sourcecode.c.objc; name = "UITableView+TRVSEmptyView.m"; path = "UITableView+TRVSEmptyTableView/UITableView+TRVSEmptyView.m"; sourceTree = "<group>"; };
/* End PBXFileReference section */

/* Begin PBXFrameworksBuildPhase section */
		32031D51190C85A9008F7DA8 /* Frameworks */ = {
			isa = PBXFrameworksBuildPhase;
			buildActionMask = 2147483647;
			files = (
				32031D55190C85A9008F7DA8 /* XCTest.framework in Frameworks */,
				32031D57190C85A9008F7DA8 /* UIKit.framework in Frameworks */,
				32031D56190C85A9008F7DA8 /* Foundation.framework in Frameworks */,
			);
			runOnlyForDeploymentPostprocessing = 0;
		};
/* End PBXFrameworksBuildPhase section */

/* Begin PBXGroup section */
		32031D1C190C854E008F7DA8 = {
			isa = PBXGroup;
			children = (
				32031D64190C85B2008F7DA8 /* UITableView+TRVSEmptyTableView */,
				32031D58190C85A9008F7DA8 /* Tests */,
				32031D29190C857A008F7DA8 /* Frameworks */,
				32031D28190C857A008F7DA8 /* Products */,
			);
			sourceTree = "<group>";
		};
		32031D28190C857A008F7DA8 /* Products */ = {
			isa = PBXGroup;
			children = (
				32031D54190C85A9008F7DA8 /* Tests.xctest */,
			);
			name = Products;
			sourceTree = "<group>";
		};
		32031D29190C857A008F7DA8 /* Frameworks */ = {
			isa = PBXGroup;
			children = (
				32031D2A190C857A008F7DA8 /* XCTest.framework */,
				32031D2C190C857B008F7DA8 /* Foundation.framework */,
				32031D2E190C857B008F7DA8 /* UIKit.framework */,
			);
			name = Frameworks;
			sourceTree = "<group>";
		};
		32031D58190C85A9008F7DA8 /* Tests */ = {
			isa = PBXGroup;
			children = (
				32031D5E190C85A9008F7DA8 /* Tests.m */,
				32031D59190C85A9008F7DA8 /* Supporting Files */,
			);
			path = Tests;
			sourceTree = "<group>";
		};
		32031D59190C85A9008F7DA8 /* Supporting Files */ = {
			isa = PBXGroup;
			children = (
				32031D5A190C85A9008F7DA8 /* Tests-Info.plist */,
				32031D5B190C85A9008F7DA8 /* InfoPlist.strings */,
				32031D60190C85A9008F7DA8 /* Tests-Prefix.pch */,
			);
			name = "Supporting Files";
			sourceTree = "<group>";
		};
		32031D64190C85B2008F7DA8 /* UITableView+TRVSEmptyTableView */ = {
			isa = PBXGroup;
			children = (
				32031D65190C8603008F7DA8 /* UITableView+TRVSEmptyView.h */,
				32031D66190C8603008F7DA8 /* UITableView+TRVSEmptyView.m */,
			);
			name = "UITableView+TRVSEmptyTableView";
			sourceTree = "<group>";
		};
/* End PBXGroup section */

/* Begin PBXNativeTarget section */
		32031D53190C85A9008F7DA8 /* Tests */ = {
			isa = PBXNativeTarget;
			buildConfigurationList = 32031D61190C85A9008F7DA8 /* Build configuration list for PBXNativeTarget "Tests" */;
			buildPhases = (
				32031D50190C85A9008F7DA8 /* Sources */,
				32031D51190C85A9008F7DA8 /* Frameworks */,
				32031D52190C85A9008F7DA8 /* Resources */,
			);
			buildRules = (
			);
			dependencies = (
			);
			name = Tests;
			productName = Tests;
			productReference = 32031D54190C85A9008F7DA8 /* Tests.xctest */;
			productType = "com.apple.product-type.bundle.unit-test";
		};
/* End PBXNativeTarget section */

/* Begin PBXProject section */
		32031D1D190C854E008F7DA8 /* Project object */ = {
			isa = PBXProject;
			attributes = {
				LastUpgradeCheck = 0510;
			};
			buildConfigurationList = 32031D20190C854E008F7DA8 /* Build configuration list for PBXProject "UITableView+TRVSEmptyView" */;
			compatibilityVersion = "Xcode 3.2";
			developmentRegion = English;
			hasScannedForEncodings = 0;
			knownRegions = (
				en,
			);
			mainGroup = 32031D1C190C854E008F7DA8;
			productRefGroup = 32031D28190C857A008F7DA8 /* Products */;
			projectDirPath = "";
			projectRoot = "";
			targets = (
				32031D53190C85A9008F7DA8 /* Tests */,
			);
		};
/* End PBXProject section */

/* Begin PBXResourcesBuildPhase section */
		32031D52190C85A9008F7DA8 /* Resources */ = {
			isa = PBXResourcesBuildPhase;
			buildActionMask = 2147483647;
			files = (
				32031D5D190C85A9008F7DA8 /* InfoPlist.strings in Resources */,
			);
			runOnlyForDeploymentPostprocessing = 0;
		};
/* End PBXResourcesBuildPhase section */

/* Begin PBXSourcesBuildPhase section */
		32031D50190C85A9008F7DA8 /* Sources */ = {
			isa = PBXSourcesBuildPhase;
			buildActionMask = 2147483647;
			files = (
				32031D67190C8603008F7DA8 /* UITableView+TRVSEmptyView.m in Sources */,
				32031D5F190C85A9008F7DA8 /* Tests.m in Sources */,
			);
			runOnlyForDeploymentPostprocessing = 0;
		};
/* End PBXSourcesBuildPhase section */

/* Begin PBXVariantGroup section */
		32031D5B190C85A9008F7DA8 /* InfoPlist.strings */ = {
			isa = PBXVariantGroup;
			children = (
				32031D5C190C85A9008F7DA8 /* en */,
			);
			name = InfoPlist.strings;
			sourceTree = "<group>";
		};
/* End PBXVariantGroup section */

/* Begin XCBuildConfiguration section */
		32031D21190C854E008F7DA8 /* Debug */ = {
			isa = XCBuildConfiguration;
			buildSettings = {
			};
			name = Debug;
		};
		32031D22190C854E008F7DA8 /* Release */ = {
			isa = XCBuildConfiguration;
			buildSettings = {
			};
			name = Release;
		};
		32031D62190C85A9008F7DA8 /* Debug */ = {
			isa = XCBuildConfiguration;
			buildSettings = {
				ALWAYS_SEARCH_USER_PATHS = NO;
				CLANG_CXX_LANGUAGE_STANDARD = "gnu++0x";
				CLANG_CXX_LIBRARY = "libc++";
				CLANG_ENABLE_MODULES = YES;
				CLANG_ENABLE_OBJC_ARC = YES;
				CLANG_WARN_BOOL_CONVERSION = YES;
				CLANG_WARN_CONSTANT_CONVERSION = YES;
				CLANG_WARN_DIRECT_OBJC_ISA_USAGE = YES_ERROR;
				CLANG_WARN_EMPTY_BODY = YES;
				CLANG_WARN_ENUM_CONVERSION = YES;
				CLANG_WARN_INT_CONVERSION = YES;
				CLANG_WARN_OBJC_ROOT_CLASS = YES_ERROR;
				CLANG_WARN__DUPLICATE_METHOD_MATCH = YES;
				COPY_PHASE_STRIP = NO;
				FRAMEWORK_SEARCH_PATHS = (
					"$(SDKROOT)/Developer/Library/Frameworks",
					"$(inherited)",
					"$(DEVELOPER_FRAMEWORKS_DIR)",
				);
				GCC_C_LANGUAGE_STANDARD = gnu99;
				GCC_DYNAMIC_NO_PIC = NO;
				GCC_OPTIMIZATION_LEVEL = 0;
				GCC_PRECOMPILE_PREFIX_HEADER = YES;
				GCC_PREFIX_HEADER = "Tests/Tests-Prefix.pch";
				GCC_PREPROCESSOR_DEFINITIONS = (
					"DEBUG=1",
					"$(inherited)",
				);
				GCC_SYMBOLS_PRIVATE_EXTERN = NO;
				GCC_WARN_64_TO_32_BIT_CONVERSION = YES;
				GCC_WARN_ABOUT_RETURN_TYPE = YES_ERROR;
				GCC_WARN_UNDECLARED_SELECTOR = YES;
				GCC_WARN_UNINITIALIZED_AUTOS = YES_AGGRESSIVE;
				GCC_WARN_UNUSED_FUNCTION = YES;
				GCC_WARN_UNUSED_VARIABLE = YES;
				INFOPLIST_FILE = "Tests/Tests-Info.plist";
				IPHONEOS_DEPLOYMENT_TARGET = 7.1;
				ONLY_ACTIVE_ARCH = YES;
				PRODUCT_NAME = "$(TARGET_NAME)";
				SDKROOT = iphoneos;
				WRAPPER_EXTENSION = xctest;
			};
			name = Debug;
		};
		32031D63190C85A9008F7DA8 /* Release */ = {
			isa = XCBuildConfiguration;
			buildSettings = {
				ALWAYS_SEARCH_USER_PATHS = NO;
				CLANG_CXX_LANGUAGE_STANDARD = "gnu++0x";
				CLANG_CXX_LIBRARY = "libc++";
				CLANG_ENABLE_MODULES = YES;
				CLANG_ENABLE_OBJC_ARC = YES;
				CLANG_WARN_BOOL_CONVERSION = YES;
				CLANG_WARN_CONSTANT_CONVERSION = YES;
				CLANG_WARN_DIRECT_OBJC_ISA_USAGE = YES_ERROR;
				CLANG_WARN_EMPTY_BODY = YES;
				CLANG_WARN_ENUM_CONVERSION = YES;
				CLANG_WARN_INT_CONVERSION = YES;
				CLANG_WARN_OBJC_ROOT_CLASS = YES_ERROR;
				CLANG_WARN__DUPLICATE_METHOD_MATCH = YES;
				COPY_PHASE_STRIP = YES;
				ENABLE_NS_ASSERTIONS = NO;
				FRAMEWORK_SEARCH_PATHS = (
					"$(SDKROOT)/Developer/Library/Frameworks",
					"$(inherited)",
					"$(DEVELOPER_FRAMEWORKS_DIR)",
				);
				GCC_C_LANGUAGE_STANDARD = gnu99;
				GCC_PRECOMPILE_PREFIX_HEADER = YES;
				GCC_PREFIX_HEADER = "Tests/Tests-Prefix.pch";
				GCC_WARN_64_TO_32_BIT_CONVERSION = YES;
				GCC_WARN_ABOUT_RETURN_TYPE = YES_ERROR;
				GCC_WARN_UNDECLARED_SELECTOR = YES;
				GCC_WARN_UNINITIALIZED_AUTOS = YES_AGGRESSIVE;
				GCC_WARN_UNUSED_FUNCTION = YES;
				GCC_WARN_UNUSED_VARIABLE = YES;
				INFOPLIST_FILE = "Tests/Tests-Info.plist";
				IPHONEOS_DEPLOYMENT_TARGET = 7.1;
				PRODUCT_NAME = "$(TARGET_NAME)";
				SDKROOT = iphoneos;
				VALIDATE_PRODUCT = YES;
				WRAPPER_EXTENSION = xctest;
			};
			name = Release;
		};
/* End XCBuildConfiguration section */

/* Begin XCConfigurationList section */
		32031D20190C854E008F7DA8 /* Build configuration list for PBXProject "UITableView+TRVSEmptyView" */ = {
			isa = XCConfigurationList;
			buildConfigurations = (
				32031D21190C854E008F7DA8 /* Debug */,
				32031D22190C854E008F7DA8 /* Release */,
			);
			defaultConfigurationIsVisible = 0;
			defaultConfigurationName = Release;
		};
		32031D61190C85A9008F7DA8 /* Build configuration list for PBXNativeTarget "Tests" */ = {
			isa = XCConfigurationList;
			buildConfigurations = (
				32031D62190C85A9008F7DA8 /* Debug */,
				32031D63190C85A9008F7DA8 /* Release */,
			);
			defaultConfigurationIsVisible = 0;
		};
/* End XCConfigurationList section */
	};
	rootObject = 32031D1D190C854E008F7DA8 /* Project object */;
}
